
Microsoft Visual Studio Solution File, Format Version 12.00
# Visual Studio Version 17
VisualStudioVersion = 17.4.33213.308
MinimumVisualStudioVersion = 10.0.40219.1
Project("{FAE04EC0-301F-11D3-BF4B-00C04F79EFBC}") = "Tarea de curso", "Tarea de curso\Tarea de curso.csproj", "{4EBB5C5F-0EEA-4D99-8E33-1B87AA8CADDF}"
EndProject
Global
	GlobalSection(SolutionConfigurationPlatforms) = preSolution
		Debug|Any CPU = Debug|Any CPU
		Release|Any CPU = Release|Any CPU
	EndGlobalSection
	GlobalSection(ProjectConfigurationPlatforms) = postSolution
		{4EBB5C5F-0EEA-4D99-8E33-1B87AA8CADDF}.Debug|Any CPU.ActiveCfg = Debug|Any CPU
		{4EBB5C5F-0EEA-4D99-8E33-1B87AA8CADDF}.Debug|Any CPU.Build.0 = Debug|Any CPU
		{4EBB5C5F-0EEA-4D99-8E33-1B87AA8CADDF}.Release|Any CPU.ActiveCfg = Release|Any CPU
		{4EBB5C5F-0EEA-4D99-8E33-1B87AA8CADDF}.Release|Any CPU.Build.0 = Release|Any CPU
	EndGlobalSection
	GlobalSection(SolutionProperties) = preSolution
		HideSolutionNode = FALSE
	EndGlobalSection
	GlobalSection(ExtensibilityGlobals) = postSolution
		SolutionGuid = {398F476E-02FF-405A-8937-B6D2F3BAA55F}
	EndGlobalSection
EndGlobal
